// !$*UTF8*$!
{
	archiveVersion = 1;
	classes = {
	};
	objectVersion = 50;
	objects = {

/* Begin PBXBuildFile section */
		352AAE35221E45F80006F470 /* AppDelegate.m in Sources */ = {isa = PBXBuildFile; fileRef = 352AAE34221E45F80006F470 /* AppDelegate.m */; };
		352AAE38221E45F80006F470 /* ViewController.m in Sources */ = {isa = PBXBuildFile; fileRef = 352AAE37221E45F80006F470 /* ViewController.m */; };
		352AAE3B221E45F80006F470 /* Main.storyboard in Resources */ = {isa = PBXBuildFile; fileRef = 352AAE39221E45F80006F470 /* Main.storyboard */; };
		352AAE3D221E45FB0006F470 /* Assets.xcassets in Resources */ = {isa = PBXBuildFile; fileRef = 352AAE3C221E45FB0006F470 /* Assets.xcassets */; };
		352AAE40221E45FB0006F470 /* LaunchScreen.storyboard in Resources */ = {isa = PBXBuildFile; fileRef = 352AAE3E221E45FB0006F470 /* LaunchScreen.storyboard */; };
		352AAE43221E45FB0006F470 /* main.m in Sources */ = {isa = PBXBuildFile; fileRef = 352AAE42221E45FB0006F470 /* main.m */; };
/* End PBXBuildFile section */

/* Begin PBXFileReference section */
		352AAE30221E45F80006F470 /* ZKRouterDemo.app */ = {isa = PBXFileReference; explicitFileType = wrapper.application; includeInIndex = 0; path = ZKRouterDemo.app; sourceTree = BUILT_PRODUCTS_DIR; };
		352AAE33221E45F80006F470 /* AppDelegate.h */ = {isa = PBXFileReference; lastKnownFileType = sourcecode.c.h; path = AppDelegate.h; sourceTree = "<group>"; };
		352AAE34221E45F80006F470 /* AppDelegate.m */ = {isa = PBXFileReference; lastKnownFileType = sourcecode.c.objc; path = AppDelegate.m; sourceTree = "<group>"; };
		352AAE36221E45F80006F470 /* ViewController.h */ = {isa = PBXFileReference; lastKnownFileType = sourcecode.c.h; path = ViewController.h; sourceTree = "<group>"; };
		352AAE37221E45F80006F470 /* ViewController.m */ = {isa = PBXFileReference; lastKnownFileType = sourcecode.c.objc; path = ViewController.m; sourceTree = "<group>"; };
		352AAE3A221E45F80006F470 /* Base */ = {isa = PBXFileReference; lastKnownFileType = file.storyboard; name = Base; path = Base.lproj/Main.storyboard; sourceTree = "<group>"; };
		352AAE3C221E45FB0006F470 /* Assets.xcassets */ = {isa = PBXFileReference; lastKnownFileType = folder.assetcatalog; path = Assets.xcassets; sourceTree = "<group>"; };
		352AAE3F221E45FB0006F470 /* Base */ = {isa = PBXFileReference; lastKnownFileType = file.storyboard; name = Base; path = Base.lproj/LaunchScreen.storyboard; sourceTree = "<group>"; };
		352AAE41221E45FB0006F470 /* Info.plist */ = {isa = PBXFileReference; lastKnownFileType = text.plist.xml; path = Info.plist; sourceTree = "<group>"; };
		352AAE42221E45FB0006F470 /* main.m */ = {isa = PBXFileReference; lastKnownFileType = sourcecode.c.objc; path = main.m; sourceTree = "<group>"; };
/* End PBXFileReference section */

/* Begin PBXFrameworksBuildPhase section */
		352AAE2D221E45F80006F470 /* Frameworks */ = {
			isa = PBXFrameworksBuildPhase;
			buildActionMask = 2147483647;
			files = (
			);
			runOnlyForDeploymentPostprocessing = 0;
		};
/* End PBXFrameworksBuildPhase section */

/* Begin PBXGroup section */
		352AAE27221E45F80006F470 = {
			isa = PBXGroup;
			children = (
				352AAE32221E45F80006F470 /* ZKRouterDemo */,
				352AAE31221E45F80006F470 /* Products */,
			);
			sourceTree = "<group>";
		};
		352AAE31221E45F80006F470 /* Products */ = {
			isa = PBXGroup;
			children = (
				352AAE30221E45F80006F470 /* ZKRouterDemo.app */,
			);
			name = Products;
			sourceTree = "<group>";
		};
		352AAE32221E45F80006F470 /* ZKRouterDemo */ = {
			isa = PBXGroup;
			children = (
				352AAE33221E45F80006F470 /* AppDelegate.h */,
				352AAE34221E45F80006F470 /* AppDelegate.m */,
				352AAE36221E45F80006F470 /* ViewController.h */,
				352AAE37221E45F80006F470 /* ViewController.m */,
				352AAE39221E45F80006F470 /* Main.storyboard */,
				352AAE3C221E45FB0006F470 /* Assets.xcassets */,
				352AAE3E221E45FB0006F470 /* LaunchScreen.storyboard */,
				352AAE41221E45FB0006F470 /* Info.plist */,
				352AAE42221E45FB0006F470 /* main.m */,
			);
			path = ZKRouterDemo;
			sourceTree = "<group>";
		};
/* End PBXGroup section */

/* Begin PBXNativeTarget section */
		352AAE2F221E45F80006F470 /* ZKRouterDemo */ = {
			isa = PBXNativeTarget;
			buildConfigurationList = 352AAE46221E45FB0006F470 /* Build configuration list for PBXNativeTarget "ZKRouterDemo" */;
			buildPhases = (
				352AAE2C221E45F80006F470 /* Sources */,
				352AAE2D221E45F80006F470 /* Frameworks */,
				352AAE2E221E45F80006F470 /* Resources */,
			);
			buildRules = (
			);
			dependencies = (
			);
			name = ZKRouterDemo;
			productName = ZKRouterDemo;
			productReference = 352AAE30221E45F80006F470 /* ZKRouterDemo.app */;
			productType = "com.apple.product-type.application";
		};
/* End PBXNativeTarget section */

/* Begin PBXProject section */
		352AAE28221E45F80006F470 /* Project object */ = {
			isa = PBXProject;
			attributes = {
				LastUpgradeCheck = 1010;
				ORGANIZATIONNAME = zhaokun;
				TargetAttributes = {
					352AAE2F221E45F80006F470 = {
						CreatedOnToolsVersion = 10.1;
					};
				};
			};
			buildConfigurationList = 352AAE2B221E45F80006F470 /* Build configuration list for PBXProject "ZKRouterDemo" */;
			compatibilityVersion = "Xcode 9.3";
			developmentRegion = en;
			hasScannedForEncodings = 0;
			knownRegions = (
				en,
				Base,
			);
			mainGroup = 352AAE27221E45F80006F470;
			productRefGroup = 352AAE31221E45F80006F470 /* Products */;
			projectDirPath = "";
			projectRoot = "";
			targets = (
				352AAE2F221E45F80006F470 /* ZKRouterDemo */,
			);
		};
/* End PBXProject section */

/* Begin PBXResourcesBuildPhase section */
		352AAE2E221E45F80006F470 /* Resources */ = {
			isa = PBXResourcesBuildPhase;
			buildActionMask = 2147483647;
			files = (
				352AAE40221E45FB0006F470 /* LaunchScreen.storyboard in Resources */,
				352AAE3D221E45FB0006F470 /* Assets.xcassets in Resources */,
				352AAE3B221E45F80006F470 /* Main.storyboard in Resources */,
			);
			runOnlyForDeploymentPostprocessing = 0;
		};
/* End PBXResourcesBuildPhase section */

/* Begin PBXSourcesBuildPhase section */
		352AAE2C221E45F80006F470 /* Sources */ = {
			isa = PBXSourcesBuildPhase;
			buildActionMask = 2147483647;
			files = (
				352AAE38221E45F80006F470 /* ViewController.m in Sources */,
				352AAE43221E45FB0006F470 /* main.m in Sources */,
				352AAE35221E45F80006F470 /* AppDelegate.m in Sources */,
			);
			runOnlyForDeploymentPostprocessing = 0;
		};
/* End PBXSourcesBuildPhase section */

/* Begin PBXVariantGroup section */
		352AAE39221E45F80006F470 /* Main.storyboard */ = {
			isa = PBXVariantGroup;
			children = (
				352AAE3A221E45F80006F470 /* Base */,
			);
			name = Main.storyboard;
			sourceTree = "<group>";
		};
		352AAE3E221E45FB0006F470 /* LaunchScreen.storyboard */ = {
			isa = PBXVariantGroup;
			children = (
				352AAE3F221E45FB0006F470 /* Base */,
			);
			name = LaunchScreen.storyboard;
			sourceTree = "<group>";
		};
/* End PBXVariantGroup section */

/* Begin XCBuildConfiguration section */
		352AAE44221E45FB0006F470 /* Debug */ = {
			isa = XCBuildConfiguration;
			buildSettings = {
				ALWAYS_SEARCH_USER_PATHS = NO;
				CLANG_ANALYZER_NONNULL = YES;
				CLANG_ANALYZER_NUMBER_OBJECT_CONVERSION = YES_AGGRESSIVE;
				CLANG_CXX_LANGUAGE_STANDARD = "gnu++14";
				CLANG_CXX_LIBRARY = "libc++";
				CLANG_ENABLE_MODULES = YES;
				CLANG_ENABLE_OBJC_ARC = YES;
				CLANG_ENABLE_OBJC_WEAK = YES;
				CLANG_WARN_BLOCK_CAPTURE_AUTORELEASING = YES;
				CLANG_WARN_BOOL_CONVERSION = YES;
				CLANG_WARN_COMMA = YES;
				CLANG_WARN_CONSTANT_CONVERSION = YES;
				CLANG_WARN_DEPRECATED_OBJC_IMPLEMENTATIONS = YES;
				CLANG_WARN_DIRECT_OBJC_ISA_USAGE = YES_ERROR;
				CLANG_WARN_DOCUMENTATION_COMMENTS = YES;
				CLANG_WARN_EMPTY_BODY = YES;
				CLANG_WARN_ENUM_CONVERSION = YES;
				CLANG_WARN_INFINITE_RECURSION = YES;
				CLANG_WARN_INT_CONVERSION = YES;
				CLANG_WARN_NON_LITERAL_NULL_CONVERSION = YES;
				CLANG_WARN_OBJC_IMPLICIT_RETAIN_SELF = YES;
				CLANG_WARN_OBJC_LITERAL_CONVERSION = YES;
				CLANG_WARN_OBJC_ROOT_CLASS = YES_ERROR;
				CLANG_WARN_RANGE_LOOP_ANALYSIS = YES;
				CLANG_WARN_STRICT_PROTOTYPES = YES;
				CLANG_WARN_SUSPICIOUS_MOVE = YES;
				CLANG_WARN_UNGUARDED_AVAILABILITY = YES_AGGRESSIVE;
				CLANG_WARN_UNREACHABLE_CODE = YES;
				CLANG_WARN__DUPLICATE_METHOD_MATCH = YES;
				CODE_SIGN_IDENTITY = "iPhone Developer";
				COPY_PHASE_STRIP = NO;
				DEBUG_INFORMATION_FORMAT = dwarf;
				ENABLE_STRICT_OBJC_MSGSEND = YES;
				ENABLE_TESTABILITY = YES;
				GCC_C_LANGUAGE_STANDARD = gnu11;
				GCC_DYNAMIC_NO_PIC = NO;
				GCC_NO_COMMON_BLOCKS = YES;
				GCC_OPTIMIZATION_LEVEL = 0;
				GCC_PREPROCESSOR_DEFINITIONS = (
					"DEBUG=1",
					"$(inherited)",
				);
				GCC_WARN_64_TO_32_BIT_CONVERSION = YES;
				GCC_WARN_ABOUT_RETURN_TYPE = YES_ERROR;
				GCC_WARN_UNDECLARED_SELECTOR = YES;
				GCC_WARN_UNINITIALIZED_AUTOS = YES_AGGRESSIVE;
				GCC_WARN_UNUSED_FUNCTION = YES;
				GCC_WARN_UNUSED_VARIABLE = YES;
				IPHONEOS_DEPLOYMENT_TARGET = 12.1;
				MTL_ENABLE_DEBUG_INFO = INCLUDE_SOURCE;
				MTL_FAST_MATH = YES;
				ONLY_ACTIVE_ARCH = YES;
				SDKROOT = iphoneos;
			};
			name = Debug;
		};
		352AAE45221E45FB0006F470 /* Release */ = {
			isa = XCBuildConfiguration;
			buildSettings = {
				ALWAYS_SEARCH_USER_PATHS = NO;
				CLANG_ANALYZER_NONNULL = YES;
				CLANG_ANALYZER_NUMBER_OBJECT_CONVERSION = YES_AGGRESSIVE;
				CLANG_CXX_LANGUAGE_STANDARD = "gnu++14";
				CLANG_CXX_LIBRARY = "libc++";
				CLANG_ENABLE_MODULES = YES;
				CLANG_ENABLE_OBJC_ARC = YES;
				CLANG_ENABLE_OBJC_WEAK = YES;
				CLANG_WARN_BLOCK_CAPTURE_AUTORELEASING = YES;
				CLANG_WARN_BOOL_CONVERSION = YES;
				CLANG_WARN_COMMA = YES;
				CLANG_WARN_CONSTANT_CONVERSION = YES;
				CLANG_WARN_DEPRECATED_OBJC_IMPLEMENTATIONS = YES;
				CLANG_WARN_DIRECT_OBJC_ISA_USAGE = YES_ERROR;
				CLANG_WARN_DOCUMENTATION_COMMENTS = YES;
				CLANG_WARN_EMPTY_BODY = YES;
				CLANG_WARN_ENUM_CONVERSION = YES;
				CLANG_WARN_INFINITE_RECURSION = YES;
				CLANG_WARN_INT_CONVERSION = YES;
				CLANG_WARN_NON_LITERAL_NULL_CONVERSION = YES;
				CLANG_WARN_OBJC_IMPLICIT_RETAIN_SELF = YES;
				CLANG_WARN_OBJC_LITERAL_CONVERSION = YES;
				CLANG_WARN_OBJC_ROOT_CLASS = YES_ERROR;
				CLANG_WARN_RANGE_LOOP_ANALYSIS = YES;
				CLANG_WARN_STRICT_PROTOTYPES = YES;
				CLANG_WARN_SUSPICIOUS_MOVE = YES;
				CLANG_WARN_UNGUARDED_AVAILABILITY = YES_AGGRESSIVE;
				CLANG_WARN_UNREACHABLE_CODE = YES;
				CLANG_WARN__DUPLICATE_METHOD_MATCH = YES;
				CODE_SIGN_IDENTITY = "iPhone Developer";
				COPY_PHASE_STRIP = NO;
				DEBUG_INFORMATION_FORMAT = "dwarf-with-dsym";
				ENABLE_NS_ASSERTIONS = NO;
				ENABLE_STRICT_OBJC_MSGSEND = YES;
				GCC_C_LANGUAGE_STANDARD = gnu11;
				GCC_NO_COMMON_BLOCKS = YES;
				GCC_WARN_64_TO_32_BIT_CONVERSION = YES;
				GCC_WARN_ABOUT_RETURN_TYPE = YES_ERROR;
				GCC_WARN_UNDECLARED_SELECTOR = YES;
				GCC_WARN_UNINITIALIZED_AUTOS = YES_AGGRESSIVE;
				GCC_WARN_UNUSED_FUNCTION = YES;
				GCC_WARN_UNUSED_VARIABLE = YES;
				IPHONEOS_DEPLOYMENT_TARGET = 12.1;
				MTL_ENABLE_DEBUG_INFO = NO;
				MTL_FAST_MATH = YES;
				SDKROOT = iphoneos;
				VALIDATE_PRODUCT = YES;
			};
			name = Release;
		};
		352AAE47221E45FB0006F470 /* Debug */ = {
			isa = XCBuildConfiguration;
			buildSettings = {
				ASSETCATALOG_COMPILER_APPICON_NAME = AppIcon;
				CODE_SIGN_STYLE = Automatic;
				DEVELOPMENT_TEAM = XVWEVBUWZS;
				INFOPLIST_FILE = ZKRouterDemo/Info.plist;
				IPHONEOS_DEPLOYMENT_TARGET = 11;
				LD_RUNPATH_SEARCH_PATHS = (
					"$(inherited)",
					"@executable_path/Frameworks",
				);
				PRODUCT_BUNDLE_IDENTIFIER = zhaokun.ZKRouterDemo;
				PRODUCT_NAME = "$(TARGET_NAME)";
				TARGETED_DEVICE_FAMILY = "1,2";
			};
			name = Debug;
		};
		352AAE48221E45FB0006F470 /* Release */ = {
			isa = XCBuildConfiguration;
			buildSettings = {
				ASSETCATALOG_COMPILER_APPICON_NAME = AppIcon;
				CODE_SIGN_STYLE = Automatic;
				DEVELOPMENT_TEAM = XVWEVBUWZS;
				INFOPLIST_FILE = ZKRouterDemo/Info.plist;
				IPHONEOS_DEPLOYMENT_TARGET = 11;
				LD_RUNPATH_SEARCH_PATHS = (
					"$(inherited)",
					"@executable_path/Frameworks",
				);
				PRODUCT_BUNDLE_IDENTIFIER = zhaokun.ZKRouterDemo;
				PRODUCT_NAME = "$(TARGET_NAME)";
				TARGETED_DEVICE_FAMILY = "1,2";
			};
			name = Release;
		};
/* End XCBuildConfiguration section */

/* Begin XCConfigurationList section */
		352AAE2B221E45F80006F470 /* Build configuration list for PBXProject "ZKRouterDemo" */ = {
			isa = XCConfigurationList;
			buildConfigurations = (
				352AAE44221E45FB0006F470 /* Debug */,
				352AAE45221E45FB0006F470 /* Release */,
			);
			defaultConfigurationIsVisible = 0;
			defaultConfigurationName = Release;
		};
		352AAE46221E45FB0006F470 /* Build configuration list for PBXNativeTarget "ZKRouterDemo" */ = {
			isa = XCConfigurationList;
			buildConfigurations = (
				352AAE47221E45FB0006F470 /* Debug */,
				352AAE48221E45FB0006F470 /* Release */,
			);
			defaultConfigurationIsVisible = 0;
			defaultConfigurationName = Release;
		};
/* End XCConfigurationList section */
	};
	rootObject = 352AAE28221E45F80006F470 /* Project object */;
}
